
Microsoft Visual Studio Solution File, Format Version 12.00
# Visual Studio 15
VisualStudioVersion = 15.0.28307.1267
MinimumVisualStudioVersion = 10.0.40219.1
Project("{FAE04EC0-301F-11D3-BF4B-00C04F79EFBC}") = "When_All_Test", "When_All_Test\When_All_Test.csproj", "{5AF127ED-BEF8-49D9-9936-44859A3FC2D6}"
EndProject
Project("{FAE04EC0-301F-11D3-BF4B-00C04F79EFBC}") = "Second_Example", "Second_Example\Second_Example.csproj", "{7D9A98EE-CBA1-4951-A5BB-8971DD2B7B82}"
EndProject
Global
	GlobalSection(SolutionConfigurationPlatforms) = preSolution
		Debug|Any CPU = Debug|Any CPU
		Release|Any CPU = Release|Any CPU
	EndGlobalSection
	GlobalSection(ProjectConfigurationPlatforms) = postSolution
		{5AF127ED-BEF8-49D9-9936-44859A3FC2D6}.Debug|Any CPU.ActiveCfg = Debug|Any CPU
		{5AF127ED-BEF8-49D9-9936-44859A3FC2D6}.Debug|Any CPU.Build.0 = Debug|Any CPU
		{5AF127ED-BEF8-49D9-9936-44859A3FC2D6}.Release|Any CPU.ActiveCfg = Release|Any CPU
		{5AF127ED-BEF8-49D9-9936-44859A3FC2D6}.Release|Any CPU.Build.0 = Release|Any CPU
		{7D9A98EE-CBA1-4951-A5BB-8971DD2B7B82}.Debug|Any CPU.ActiveCfg = Debug|Any CPU
		{7D9A98EE-CBA1-4951-A5BB-8971DD2B7B82}.Debug|Any CPU.Build.0 = Debug|Any CPU
		{7D9A98EE-CBA1-4951-A5BB-8971DD2B7B82}.Release|Any CPU.ActiveCfg = Release|Any CPU
		{7D9A98EE-CBA1-4951-A5BB-8971DD2B7B82}.Release|Any CPU.Build.0 = Release|Any CPU
	EndGlobalSection
	GlobalSection(SolutionProperties) = preSolution
		HideSolutionNode = FALSE
	EndGlobalSection
	GlobalSection(ExtensibilityGlobals) = postSolution
		SolutionGuid = {4F7E633F-A016-4618-A254-1B60ACB58D06}
	EndGlobalSection
EndGlobal
